
Microsoft Visual Studio Solution File, Format Version 12.00
# Visual Studio 15
VisualStudioVersion = 15.0.28307.421
MinimumVisualStudioVersion = 10.0.40219.1
Project("{FAE04EC0-301F-11D3-BF4B-00C04F79EFBC}") = "Lako", "Lako\Lako.csproj", "{A04D9ACE-9233-4946-9D77-7917AE8F23F3}"
EndProject
Global
	GlobalSection(SolutionConfigurationPlatforms) = preSolution
		Debug|Any CPU = Debug|Any CPU
		Release|Any CPU = Release|Any CPU
	EndGlobalSection
	GlobalSection(ProjectConfigurationPlatforms) = postSolution
		{A04D9ACE-9233-4946-9D77-7917AE8F23F3}.Debug|Any CPU.ActiveCfg = Debug|Any CPU
		{A04D9ACE-9233-4946-9D77-7917AE8F23F3}.Debug|Any CPU.Build.0 = Debug|Any CPU
		{A04D9ACE-9233-4946-9D77-7917AE8F23F3}.Release|Any CPU.ActiveCfg = Release|Any CPU
		{A04D9ACE-9233-4946-9D77-7917AE8F23F3}.Release|Any CPU.Build.0 = Release|Any CPU
	EndGlobalSection
	GlobalSection(SolutionProperties) = preSolution
		HideSolutionNode = FALSE
	EndGlobalSection
	GlobalSection(ExtensibilityGlobals) = postSolution
		SolutionGuid = {76226971-BFDB-4B3B-96D3-FA6A5C0E1D13}
	EndGlobalSection
EndGlobal
